<?xml version="1.0" encoding="utf-8"?>
<Project ToolsVersion="4.0" xmlns="http://schemas.microsoft.com/developer/msbuild/2003">
  <ItemGroup>
    <ClCompile Include="Render\Camera.cpp">
      <Filter>Render</Filter>
    </ClCompile>
    <ClCompile Include="Render\Render.cpp">
      <Filter>Render</Filter>
    </ClCompile>
    <ClCompile Include="RenderUtils.cpp" />
    <ClCompile Include="main.cpp" />
    <ClCompile Include="callbacks.cpp" />
    <ClCompile Include="Particle.cpp" />
    <ClCompile Include="myVector3D.cpp" />
    <ClCompile Include="AxisRenderer.cpp" />
    <ClCompile Include="Projectile.cpp" />
    <ClCompile Include="Bullet.cpp" />
    <ClCompile Include="CannonBall.cpp" />
    <ClCompile Include="Scene0.cpp" />
    <ClCompile Include="Scene1.cpp" />
    <ClCompile Include="SceneManager.cpp" />
    <ClCompile Include="ParticleSystem.cpp" />
    <ClCompile Include="ParticleGenerator.cpp" />
    <ClCompile Include="GaussianGenerator.cpp" />
    <ClCompile Include="TankBall.cpp" />
    <ClCompile Include="LaserPistol.cpp" />
    <ClCompile Include="UniformGenerator.cpp" />
    <ClCompile Include="Scene2.cpp" />
    <ClCompile Include="GravityForceGenerator.cpp" />
    <ClCompile Include="ParticleForceRegistry.cpp" />
    <ClCompile Include="WindForceGenerator.cpp" />
    <ClCompile Include="Scene3.cpp" />
    <ClCompile Include="ExplosionForceGenerator.cpp" />
    <ClCompile Include="Scene4.cpp" />
    <ClCompile Include="WhirlwindForceGenerator.cpp" />
    <ClCompile Include="Scene5.cpp" />
    <ClCompile Include="BoxParticle.cpp" />
    <ClCompile Include="AnchoredSpringForceGenerator.cpp" />
    <ClCompile Include="SpringForceGenerator.cpp" />
    <ClCompile Include="ElasticForceGenerator.cpp" />
    <ClCompile Include="BuoyancyForceGenerator.cpp" />
    <ClCompile Include="Scene6.cpp" />
    <ClCompile Include="RigidBody.cpp" />
    <ClCompile Include="SolidGenerator.cpp" />
    <ClCompile Include="GaussianSolidGenerator.cpp" />
    <ClCompile Include="ExplosionSolidForceGenerator.cpp" />
    <ClCompile Include="Scene7.cpp" />
  </ItemGroup>
  <ItemGroup>
    <ClInclude Include="core.hpp" />
    <ClInclude Include="Render\Camera.h">
      <Filter>Render</Filter>
    </ClInclude>
    <ClInclude Include="Render\Render.h">
      <Filter>Render</Filter>
    </ClInclude>
    <ClInclude Include="RenderUtils.hpp" />
    <ClInclude Include="callbacks.hpp" />
    <ClInclude Include="Particle.h" />
    <ClInclude Include="myVector3D.h" />
    <ClInclude Include="AxisRenderer.h" />
    <ClInclude Include="Projectile.h" />
    <ClInclude Include="Bullet.h" />
    <ClInclude Include="CannonBall.h" />
    <ClInclude Include="Scene.h" />
    <ClInclude Include="Scene0.h" />
    <ClInclude Include="Scene1.h" />
    <ClInclude Include="SceneManager.h" />
    <ClInclude Include="ParticleSystem.h" />
    <ClInclude Include="ParticleGenerator.h" />
    <ClInclude Include="GaussianGenerator.h" />
    <ClInclude Include="TankBall.h" />
    <ClInclude Include="LaserPistol.h" />
    <ClInclude Include="UniformGenerator.h" />
    <ClInclude Include="Scene2.h" />
    <ClInclude Include="ForceGenerator.h" />
    <ClInclude Include="GravityForceGenerator.h" />
    <ClInclude Include="ParticleForceRegistry.h" />
    <ClInclude Include="WindForceGenerator.h" />
    <ClInclude Include="Scene3.h" />
    <ClInclude Include="ExplosionForceGenerator.h" />
    <ClInclude Include="Scene4.h" />
    <ClInclude Include="WhirlwindForceGenerator.h" />
    <ClInclude Include="Scene5.h" />
    <ClInclude Include="BoxParticle.h" />
    <ClInclude Include="AnchoredSpringForceGenerator.h" />
    <ClInclude Include="SpringForceGenerator.h" />
    <ClInclude Include="ElasticForceGenerator.h" />
    <ClInclude Include="BuoyancyForceGenerator.h" />
    <ClInclude Include="Scene6.h" />
    <ClInclude Include="RigidBody.h" />
    <ClInclude Include="SolidGenerator.h" />
    <ClInclude Include="GaussianSolidGenerator.h" />
    <ClInclude Include="SolidForceGenerator.h" />
    <ClInclude Include="RigidBodyForceRegistry.h" />
    <ClInclude Include="ExplosionSolidForceGenerator.h" />
    <ClInclude Include="Scene7.h" />
  </ItemGroup>
  <ItemGroup>
    <Filter Include="Render">
      <UniqueIdentifier>{d04b4f9f-5a69-465e-8070-25c6d0bcd3c2}</UniqueIdentifier>
    </Filter>
  </ItemGroup>
</Project>